
Microsoft Visual Studio Solution File, Format Version 12.00
# Visual Studio Version 17
VisualStudioVersion = 17.9.34622.214
MinimumVisualStudioVersion = 10.0.40219.1
Project("{FAE04EC0-301F-11D3-BF4B-00C04F79EFBC}") = "LiftTracker", "LiftTracker\LiftTracker.csproj", "{4F097906-65C6-45FA-B295-5883344C5FAA}"
EndProject
Project("{FAE04EC0-301F-11D3-BF4B-00C04F79EFBC}") = "LiftTracker.Client", "LiftTracker.Client\LiftTracker.Client.csproj", "{3748A6E9-2EAB-4D67-88F3-16AD8CB75148}"
EndProject
Global
	GlobalSection(SolutionConfigurationPlatforms) = preSolution
		Debug|Any CPU = Debug|Any CPU
		Release|Any CPU = Release|Any CPU
	EndGlobalSection
	GlobalSection(ProjectConfigurationPlatforms) = postSolution
		{4F097906-65C6-45FA-B295-5883344C5FAA}.Debug|Any CPU.ActiveCfg = Debug|Any CPU
		{4F097906-65C6-45FA-B295-5883344C5FAA}.Debug|Any CPU.Build.0 = Debug|Any CPU
		{4F097906-65C6-45FA-B295-5883344C5FAA}.Release|Any CPU.ActiveCfg = Release|Any CPU
		{4F097906-65C6-45FA-B295-5883344C5FAA}.Release|Any CPU.Build.0 = Release|Any CPU
		{3748A6E9-2EAB-4D67-88F3-16AD8CB75148}.Debug|Any CPU.ActiveCfg = Debug|Any CPU
		{3748A6E9-2EAB-4D67-88F3-16AD8CB75148}.Debug|Any CPU.Build.0 = Debug|Any CPU
		{3748A6E9-2EAB-4D67-88F3-16AD8CB75148}.Release|Any CPU.ActiveCfg = Release|Any CPU
		{3748A6E9-2EAB-4D67-88F3-16AD8CB75148}.Release|Any CPU.Build.0 = Release|Any CPU
	EndGlobalSection
	GlobalSection(SolutionProperties) = preSolution
		HideSolutionNode = FALSE
	EndGlobalSection
	GlobalSection(ExtensibilityGlobals) = postSolution
		SolutionGuid = {2861C50D-4E32-4E1F-928A-079E1F22DF8D}
	EndGlobalSection
EndGlobal
